
Microsoft Visual Studio Solution File, Format Version 12.00
# Visual Studio 15
VisualStudioVersion = 15.0.28010.2036
MinimumVisualStudioVersion = 10.0.40219.1
Project("{8BC9CEB8-8B4A-11D0-8D11-00A0C91BC942}") = "sqlgrep", "sqlgrep\sqlgrep.vcxproj", "{31B97A9D-57A7-4752-A9B9-83241F419798}"
EndProject
Global
	GlobalSection(SolutionConfigurationPlatforms) = preSolution
		Debug|x64 = Debug|x64
		Release|x64 = Release|x64
	EndGlobalSection
	GlobalSection(ProjectConfigurationPlatforms) = postSolution
		{31B97A9D-57A7-4752-A9B9-83241F419798}.Debug|x64.ActiveCfg = Debug|x64
		{31B97A9D-57A7-4752-A9B9-83241F419798}.Debug|x64.Build.0 = Debug|x64
		{31B97A9D-57A7-4752-A9B9-83241F419798}.Release|x64.ActiveCfg = Release|x64
		{31B97A9D-57A7-4752-A9B9-83241F419798}.Release|x64.Build.0 = Release|x64
	EndGlobalSection
	GlobalSection(SolutionProperties) = preSolution
		HideSolutionNode = FALSE
	EndGlobalSection
	GlobalSection(ExtensibilityGlobals) = postSolution
		SolutionGuid = {2D272CE1-F4DB-41BF-BAAD-7ED7C26A3227}
	EndGlobalSection
EndGlobal
